
Microsoft Visual Studio Solution File, Format Version 12.00
# Visual Studio Version 16
VisualStudioVersion = 16.0.31205.134
MinimumVisualStudioVersion = 10.0.40219.1
Project("{FAE04EC0-301F-11D3-BF4B-00C04F79EFBC}") = "LanguageLearner", "LanguageLearner\LanguageLearner.csproj", "{4D78095D-7728-4FD5-BFA5-0CB2BEE47ECE}"
EndProject
Global
	GlobalSection(SolutionConfigurationPlatforms) = preSolution
		Debug|Any CPU = Debug|Any CPU
		Release|Any CPU = Release|Any CPU
	EndGlobalSection
	GlobalSection(ProjectConfigurationPlatforms) = postSolution
		{4D78095D-7728-4FD5-BFA5-0CB2BEE47ECE}.Debug|Any CPU.ActiveCfg = Debug|Any CPU
		{4D78095D-7728-4FD5-BFA5-0CB2BEE47ECE}.Debug|Any CPU.Build.0 = Debug|Any CPU
		{4D78095D-7728-4FD5-BFA5-0CB2BEE47ECE}.Release|Any CPU.ActiveCfg = Release|Any CPU
		{4D78095D-7728-4FD5-BFA5-0CB2BEE47ECE}.Release|Any CPU.Build.0 = Release|Any CPU
	EndGlobalSection
	GlobalSection(SolutionProperties) = preSolution
		HideSolutionNode = FALSE
	EndGlobalSection
	GlobalSection(ExtensibilityGlobals) = postSolution
		SolutionGuid = {F6118B24-3BF5-4248-AD4D-3C9D76F0528B}
	EndGlobalSection
EndGlobal
